
Microsoft Visual Studio Solution File, Format Version 11.00
# Visual Studio 2010
Project("{FAE04EC0-301F-11D3-BF4B-00C04F79EFBC}") = "HeroTrainer_MythicPixel", "HeroTrainer_MythicPixel\HeroTrainer_MythicPixel.csproj", "{FBCD61E2-BAD5-463E-BF5A-D2DAA200B2AF}"
EndProject
Global
	GlobalSection(SolutionConfigurationPlatforms) = preSolution
		Debug|Any CPU = Debug|Any CPU
		Release|Any CPU = Release|Any CPU
	EndGlobalSection
	GlobalSection(ProjectConfigurationPlatforms) = postSolution
		{FBCD61E2-BAD5-463E-BF5A-D2DAA200B2AF}.Debug|Any CPU.ActiveCfg = Debug|Any CPU
		{FBCD61E2-BAD5-463E-BF5A-D2DAA200B2AF}.Debug|Any CPU.Build.0 = Debug|Any CPU
		{FBCD61E2-BAD5-463E-BF5A-D2DAA200B2AF}.Release|Any CPU.ActiveCfg = Release|Any CPU
		{FBCD61E2-BAD5-463E-BF5A-D2DAA200B2AF}.Release|Any CPU.Build.0 = Release|Any CPU
	EndGlobalSection
	GlobalSection(MonoDevelopProperties) = preSolution
		StartupItem = HeroTrainer_MythicPixel\HeroTrainer_MythicPixel.csproj
	EndGlobalSection
EndGlobal
